
Microsoft Visual Studio Solution File, Format Version 12.00
# Visual Studio Version 17
VisualStudioVersion = 17.1.32328.378
MinimumVisualStudioVersion = 10.0.40219.1
Project("{FAE04EC0-301F-11D3-BF4B-00C04F79EFBC}") = "WorkDiary.Api", "WorkDiary.Api\WorkDiary.Api.csproj", "{8ABDDA27-5340-4368-BE41-09E1A2D9F829}"
EndProject
Project("{FAE04EC0-301F-11D3-BF4B-00C04F79EFBC}") = "WorkDiaryRepository", "WorkDiary.Repositories\WorkDiaryRepository.csproj", "{66923DCA-4DB9-465C-9A63-C5CAB09F314F}"
EndProject
Project("{FAE04EC0-301F-11D3-BF4B-00C04F79EFBC}") = "WorkDiaryServices", "WorkDiary.Services\WorkDiaryServices.csproj", "{AE069B95-931A-4705-A946-686EF011C502}"
EndProject
Global
	GlobalSection(SolutionConfigurationPlatforms) = preSolution
		Debug|Any CPU = Debug|Any CPU
		Release|Any CPU = Release|Any CPU
	EndGlobalSection
	GlobalSection(ProjectConfigurationPlatforms) = postSolution
		{8ABDDA27-5340-4368-BE41-09E1A2D9F829}.Debug|Any CPU.ActiveCfg = Debug|Any CPU
		{8ABDDA27-5340-4368-BE41-09E1A2D9F829}.Debug|Any CPU.Build.0 = Debug|Any CPU
		{8ABDDA27-5340-4368-BE41-09E1A2D9F829}.Release|Any CPU.ActiveCfg = Release|Any CPU
		{8ABDDA27-5340-4368-BE41-09E1A2D9F829}.Release|Any CPU.Build.0 = Release|Any CPU
		{66923DCA-4DB9-465C-9A63-C5CAB09F314F}.Debug|Any CPU.ActiveCfg = Debug|Any CPU
		{66923DCA-4DB9-465C-9A63-C5CAB09F314F}.Debug|Any CPU.Build.0 = Debug|Any CPU
		{66923DCA-4DB9-465C-9A63-C5CAB09F314F}.Release|Any CPU.ActiveCfg = Release|Any CPU
		{66923DCA-4DB9-465C-9A63-C5CAB09F314F}.Release|Any CPU.Build.0 = Release|Any CPU
		{AE069B95-931A-4705-A946-686EF011C502}.Debug|Any CPU.ActiveCfg = Debug|Any CPU
		{AE069B95-931A-4705-A946-686EF011C502}.Debug|Any CPU.Build.0 = Debug|Any CPU
		{AE069B95-931A-4705-A946-686EF011C502}.Release|Any CPU.ActiveCfg = Release|Any CPU
		{AE069B95-931A-4705-A946-686EF011C502}.Release|Any CPU.Build.0 = Release|Any CPU
	EndGlobalSection
	GlobalSection(SolutionProperties) = preSolution
		HideSolutionNode = FALSE
	EndGlobalSection
	GlobalSection(ExtensibilityGlobals) = postSolution
		SolutionGuid = {D154E44A-CE5F-4045-AEED-0595A464EB36}
	EndGlobalSection
EndGlobal
